
Microsoft Visual Studio Solution File, Format Version 12.00
# Visual Studio 15
VisualStudioVersion = 15.0.26730.12
MinimumVisualStudioVersion = 10.0.40219.1
Project("{9A19103F-16F7-4668-BE54-9A1E7A4F7556}") = "netcore.demo", "netcore.demo\netcore.demo.csproj", "{0A1E92B9-5358-472C-9140-92CD78C481B9}"
EndProject
Project("{2150E333-8FDC-42A3-9474-1A3956D46DE8}") = "mysql", "mysql", "{7CB490DE-AD1B-4005-95DB-7592506ECEF9}"
EndProject
Project("{2150E333-8FDC-42A3-9474-1A3956D46DE8}") = "mssql", "mssql", "{CAA0F3E1-4C1C-4F0F-AF08-CB29B53B5CC9}"
EndProject
Project("{9A19103F-16F7-4668-BE54-9A1E7A4F7556}") = "MsSql.Domain", "MsSql.Domain\MsSql.Domain.csproj", "{B4EAEBBF-B904-45B8-9E1D-9C076CE3502F}"
EndProject
Project("{9A19103F-16F7-4668-BE54-9A1E7A4F7556}") = "MsSql.Infrastructure", "MsSql.Infrastructure\MsSql.Infrastructure.csproj", "{2B319F46-05DA-4D2D-BD3D-D0131FCB18B1}"
EndProject
Project("{9A19103F-16F7-4668-BE54-9A1E7A4F7556}") = "netcore.tests", "netcore.tests\netcore.tests.csproj", "{B2C1E12D-330C-455D-B799-D2ECDBB919B3}"
EndProject
Project("{FAE04EC0-301F-11D3-BF4B-00C04F79EFBC}") = "MySql.Domain", "MySql.Domain\MySql.Domain.csproj", "{B6EED3A5-BFA3-444F-BF33-3232AC319401}"
EndProject
Project("{FAE04EC0-301F-11D3-BF4B-00C04F79EFBC}") = "MySql.Infrastructure", "MySql.Infrastructure\MySql.Infrastructure.csproj", "{6D58EE42-A70E-4410-B0EB-0241DAB51CF5}"
EndProject
Project("{2150E333-8FDC-42A3-9474-1A3956D46DE8}") = "src", "src", "{0115D69F-B4A6-459E-BFC4-73D930BB843E}"
EndProject
Project("{2150E333-8FDC-42A3-9474-1A3956D46DE8}") = "tests", "tests", "{26295DA3-45A3-45F1-9A8B-919E223A1A6B}"
EndProject
Global
	GlobalSection(SolutionConfigurationPlatforms) = preSolution
		Debug|Any CPU = Debug|Any CPU
		Release|Any CPU = Release|Any CPU
	EndGlobalSection
	GlobalSection(ProjectConfigurationPlatforms) = postSolution
		{0A1E92B9-5358-472C-9140-92CD78C481B9}.Debug|Any CPU.ActiveCfg = Debug|Any CPU
		{0A1E92B9-5358-472C-9140-92CD78C481B9}.Debug|Any CPU.Build.0 = Debug|Any CPU
		{0A1E92B9-5358-472C-9140-92CD78C481B9}.Release|Any CPU.ActiveCfg = Release|Any CPU
		{0A1E92B9-5358-472C-9140-92CD78C481B9}.Release|Any CPU.Build.0 = Release|Any CPU
		{B4EAEBBF-B904-45B8-9E1D-9C076CE3502F}.Debug|Any CPU.ActiveCfg = Debug|Any CPU
		{B4EAEBBF-B904-45B8-9E1D-9C076CE3502F}.Debug|Any CPU.Build.0 = Debug|Any CPU
		{B4EAEBBF-B904-45B8-9E1D-9C076CE3502F}.Release|Any CPU.ActiveCfg = Release|Any CPU
		{B4EAEBBF-B904-45B8-9E1D-9C076CE3502F}.Release|Any CPU.Build.0 = Release|Any CPU
		{2B319F46-05DA-4D2D-BD3D-D0131FCB18B1}.Debug|Any CPU.ActiveCfg = Debug|Any CPU
		{2B319F46-05DA-4D2D-BD3D-D0131FCB18B1}.Debug|Any CPU.Build.0 = Debug|Any CPU
		{2B319F46-05DA-4D2D-BD3D-D0131FCB18B1}.Release|Any CPU.ActiveCfg = Release|Any CPU
		{2B319F46-05DA-4D2D-BD3D-D0131FCB18B1}.Release|Any CPU.Build.0 = Release|Any CPU
		{B2C1E12D-330C-455D-B799-D2ECDBB919B3}.Debug|Any CPU.ActiveCfg = Debug|Any CPU
		{B2C1E12D-330C-455D-B799-D2ECDBB919B3}.Debug|Any CPU.Build.0 = Debug|Any CPU
		{B2C1E12D-330C-455D-B799-D2ECDBB919B3}.Release|Any CPU.ActiveCfg = Release|Any CPU
		{B2C1E12D-330C-455D-B799-D2ECDBB919B3}.Release|Any CPU.Build.0 = Release|Any CPU
		{B6EED3A5-BFA3-444F-BF33-3232AC319401}.Debug|Any CPU.ActiveCfg = Debug|Any CPU
		{B6EED3A5-BFA3-444F-BF33-3232AC319401}.Debug|Any CPU.Build.0 = Debug|Any CPU
		{B6EED3A5-BFA3-444F-BF33-3232AC319401}.Release|Any CPU.ActiveCfg = Release|Any CPU
		{B6EED3A5-BFA3-444F-BF33-3232AC319401}.Release|Any CPU.Build.0 = Release|Any CPU
		{6D58EE42-A70E-4410-B0EB-0241DAB51CF5}.Debug|Any CPU.ActiveCfg = Debug|Any CPU
		{6D58EE42-A70E-4410-B0EB-0241DAB51CF5}.Debug|Any CPU.Build.0 = Debug|Any CPU
		{6D58EE42-A70E-4410-B0EB-0241DAB51CF5}.Release|Any CPU.ActiveCfg = Release|Any CPU
		{6D58EE42-A70E-4410-B0EB-0241DAB51CF5}.Release|Any CPU.Build.0 = Release|Any CPU
	EndGlobalSection
	GlobalSection(SolutionProperties) = preSolution
		HideSolutionNode = FALSE
	EndGlobalSection
	GlobalSection(NestedProjects) = preSolution
		{0A1E92B9-5358-472C-9140-92CD78C481B9} = {0115D69F-B4A6-459E-BFC4-73D930BB843E}
		{7CB490DE-AD1B-4005-95DB-7592506ECEF9} = {0115D69F-B4A6-459E-BFC4-73D930BB843E}
		{CAA0F3E1-4C1C-4F0F-AF08-CB29B53B5CC9} = {0115D69F-B4A6-459E-BFC4-73D930BB843E}
		{B4EAEBBF-B904-45B8-9E1D-9C076CE3502F} = {CAA0F3E1-4C1C-4F0F-AF08-CB29B53B5CC9}
		{2B319F46-05DA-4D2D-BD3D-D0131FCB18B1} = {CAA0F3E1-4C1C-4F0F-AF08-CB29B53B5CC9}
		{B2C1E12D-330C-455D-B799-D2ECDBB919B3} = {26295DA3-45A3-45F1-9A8B-919E223A1A6B}
		{B6EED3A5-BFA3-444F-BF33-3232AC319401} = {7CB490DE-AD1B-4005-95DB-7592506ECEF9}
		{6D58EE42-A70E-4410-B0EB-0241DAB51CF5} = {7CB490DE-AD1B-4005-95DB-7592506ECEF9}
	EndGlobalSection
	GlobalSection(ExtensibilityGlobals) = postSolution
		SolutionGuid = {63F4BD2F-9420-4A9C-A993-5127A73293FF}
	EndGlobalSection
EndGlobal
